
Microsoft Visual Studio Solution File, Format Version 12.00
# Visual Studio 2013
VisualStudioVersion = 12.0.21005.1
MinimumVisualStudioVersion = 10.0.40219.1
Project("{FAE04EC0-301F-11D3-BF4B-00C04F79EFBC}") = "Gambling.Domain", "Gambling.Domain\Gambling.Domain.csproj", "{DDAD3852-E319-488D-B99F-76D8EFC15273}"
EndProject
Project("{FAE04EC0-301F-11D3-BF4B-00C04F79EFBC}") = "Gambling.Data", "Gambling.Data\Gambling.Data.csproj", "{30A4F151-7F0E-4EED-8F13-7A1FC5A96769}"
EndProject
Project("{FAE04EC0-301F-11D3-BF4B-00C04F79EFBC}") = "Gambling.ConsoleApplication", "Gambling.ConsoleApplication\Gambling.ConsoleApplication.csproj", "{6A8E2F00-0660-4723-B2B4-294CF6E88923}"
EndProject
Global
	GlobalSection(SolutionConfigurationPlatforms) = preSolution
		Debug|Any CPU = Debug|Any CPU
		Release|Any CPU = Release|Any CPU
	EndGlobalSection
	GlobalSection(ProjectConfigurationPlatforms) = postSolution
		{DDAD3852-E319-488D-B99F-76D8EFC15273}.Debug|Any CPU.ActiveCfg = Debug|Any CPU
		{DDAD3852-E319-488D-B99F-76D8EFC15273}.Debug|Any CPU.Build.0 = Debug|Any CPU
		{DDAD3852-E319-488D-B99F-76D8EFC15273}.Release|Any CPU.ActiveCfg = Release|Any CPU
		{DDAD3852-E319-488D-B99F-76D8EFC15273}.Release|Any CPU.Build.0 = Release|Any CPU
		{30A4F151-7F0E-4EED-8F13-7A1FC5A96769}.Debug|Any CPU.ActiveCfg = Debug|Any CPU
		{30A4F151-7F0E-4EED-8F13-7A1FC5A96769}.Debug|Any CPU.Build.0 = Debug|Any CPU
		{30A4F151-7F0E-4EED-8F13-7A1FC5A96769}.Release|Any CPU.ActiveCfg = Release|Any CPU
		{30A4F151-7F0E-4EED-8F13-7A1FC5A96769}.Release|Any CPU.Build.0 = Release|Any CPU
		{6A8E2F00-0660-4723-B2B4-294CF6E88923}.Debug|Any CPU.ActiveCfg = Debug|Any CPU
		{6A8E2F00-0660-4723-B2B4-294CF6E88923}.Debug|Any CPU.Build.0 = Debug|Any CPU
		{6A8E2F00-0660-4723-B2B4-294CF6E88923}.Release|Any CPU.ActiveCfg = Release|Any CPU
		{6A8E2F00-0660-4723-B2B4-294CF6E88923}.Release|Any CPU.Build.0 = Release|Any CPU
	EndGlobalSection
	GlobalSection(SolutionProperties) = preSolution
		HideSolutionNode = FALSE
	EndGlobalSection
EndGlobal
